// !$*UTF8*$!
{
	archiveVersion = 1;
	classes = {
	};
	objectVersion = 52;
	objects = {

/* Begin PBXBuildFile section */
		D63FEACC284CA1C6002D3FCB /* UIColorExtension.swift in Sources */ = {isa = PBXBuildFile; fileRef = D63FEACB284CA1C6002D3FCB /* UIColorExtension.swift */; };
		D63FEAEE284CA9D4002D3FCB /* Reg.swift in Sources */ = {isa = PBXBuildFile; fileRef = D63FEAE4284CA9D4002D3FCB /* Reg.swift */; };
		D63FEAEF284CA9D4002D3FCB /* CreditCard.swift in Sources */ = {isa = PBXBuildFile; fileRef = D63FEAE5284CA9D4002D3FCB /* CreditCard.swift */; };
		D63FEAF0284CA9D4002D3FCB /* ImageAnalyzer.swift in Sources */ = {isa = PBXBuildFile; fileRef = D63FEAE6284CA9D4002D3FCB /* ImageAnalyzer.swift */; };
		D63FEAF1284CA9D4002D3FCB /* ImageRatio.swift in Sources */ = {isa = PBXBuildFile; fileRef = D63FEAEB284CA9D4002D3FCB /* ImageRatio.swift */; };
		D63FEAF2284CA9D4002D3FCB /* CameraView.swift in Sources */ = {isa = PBXBuildFile; fileRef = D63FEAEC284CA9D4002D3FCB /* CameraView.swift */; };
		D63FEAF3284CA9D4002D3FCB /* CreditCardScannerError.swift in Sources */ = {isa = PBXBuildFile; fileRef = D63FEAED284CA9D4002D3FCB /* CreditCardScannerError.swift */; };
		D6C7E9B1284B169900C2B13F /* CardScannerView.swift in Sources */ = {isa = PBXBuildFile; fileRef = D6C7E9B0284B169900C2B13F /* CardScannerView.swift */; };
		D6C7E9B4284B17A000C2B13F /* CardScannerModule.swift in Sources */ = {isa = PBXBuildFile; fileRef = D6C7E9B3284B17A000C2B13F /* CardScannerModule.swift */; };
		D6C7E9B6284B18AD00C2B13F /* CardScannerViewManager.swift in Sources */ = {isa = PBXBuildFile; fileRef = D6C7E9B5284B18AD00C2B13F /* CardScannerViewManager.swift */; };
		D6C7E9B8284B37EF00C2B13F /* CardScannerVisionManager.m in Sources */ = {isa = PBXBuildFile; fileRef = D6C7E9B7284B37EF00C2B13F /* CardScannerVisionManager.m */; };
		D6C7E9BA284B380400C2B13F /* CardScannerVision.swift in Sources */ = {isa = PBXBuildFile; fileRef = D6C7E9B9284B380400C2B13F /* CardScannerVision.swift */; };
		D6C7E9BE284B383400C2B13F /* CardScannerVisionManager.swift in Sources */ = {isa = PBXBuildFile; fileRef = D6C7E9BD284B383400C2B13F /* CardScannerVisionManager.swift */; };
		D6C7E9DD284B5EE600C2B13F /* CardScannerModule.m in Sources */ = {isa = PBXBuildFile; fileRef = D6C7E9DB284B5EE600C2B13F /* CardScannerModule.m */; };
		D6C7E9DE284B5EE600C2B13F /* CardScannerViewManager.m in Sources */ = {isa = PBXBuildFile; fileRef = D6C7E9DC284B5EE600C2B13F /* CardScannerViewManager.m */; };
		D6D768452847B22500BDE508 /* PayCardsRecognizer.xcframework in Frameworks */ = {isa = PBXBuildFile; fileRef = D6D768442847B22500BDE508 /* PayCardsRecognizer.xcframework */; };
/* End PBXBuildFile section */

/* Begin PBXCopyFilesBuildPhase section */
		58B511D91A9E6C8500147676 /* CopyFiles */ = {
			isa = PBXCopyFilesBuildPhase;
			buildActionMask = 2147483647;
			dstPath = "include/$(PRODUCT_NAME)";
			dstSubfolderSpec = 16;
			files = (
			);
			runOnlyForDeploymentPostprocessing = 0;
		};
/* End PBXCopyFilesBuildPhase section */

/* Begin PBXFileReference section */
		134814201AA4EA6300B7C361 /* libCardScanner.a */ = {isa = PBXFileReference; explicitFileType = archive.ar; includeInIndex = 0; path = libCardScanner.a; sourceTree = BUILT_PRODUCTS_DIR; };
		D63FEACB284CA1C6002D3FCB /* UIColorExtension.swift */ = {isa = PBXFileReference; lastKnownFileType = sourcecode.swift; name = UIColorExtension.swift; path = CardScanner/UIColorExtension.swift; sourceTree = "<group>"; };
		D63FEAE4284CA9D4002D3FCB /* Reg.swift */ = {isa = PBXFileReference; fileEncoding = 4; lastKnownFileType = sourcecode.swift; path = Reg.swift; sourceTree = "<group>"; };
		D63FEAE5284CA9D4002D3FCB /* CreditCard.swift */ = {isa = PBXFileReference; fileEncoding = 4; lastKnownFileType = sourcecode.swift; path = CreditCard.swift; sourceTree = "<group>"; };
		D63FEAE6284CA9D4002D3FCB /* ImageAnalyzer.swift */ = {isa = PBXFileReference; fileEncoding = 4; lastKnownFileType = sourcecode.swift; path = ImageAnalyzer.swift; sourceTree = "<group>"; };
		D63FEAE8284CA9D4002D3FCB /* PortraitFrame.png */ = {isa = PBXFileReference; lastKnownFileType = image.png; path = PortraitFrame.png; sourceTree = "<group>"; };
		D63FEAE9284CA9D4002D3FCB /* PortraitFrame@3x.png */ = {isa = PBXFileReference; lastKnownFileType = image.png; path = "PortraitFrame@3x.png"; sourceTree = "<group>"; };
		D63FEAEA284CA9D4002D3FCB /* PortraitFrame@2x.png */ = {isa = PBXFileReference; lastKnownFileType = image.png; path = "PortraitFrame@2x.png"; sourceTree = "<group>"; };
		D63FEAEB284CA9D4002D3FCB /* ImageRatio.swift */ = {isa = PBXFileReference; fileEncoding = 4; lastKnownFileType = sourcecode.swift; path = ImageRatio.swift; sourceTree = "<group>"; };
		D63FEAEC284CA9D4002D3FCB /* CameraView.swift */ = {isa = PBXFileReference; fileEncoding = 4; lastKnownFileType = sourcecode.swift; path = CameraView.swift; sourceTree = "<group>"; };
		D63FEAED284CA9D4002D3FCB /* CreditCardScannerError.swift */ = {isa = PBXFileReference; fileEncoding = 4; lastKnownFileType = sourcecode.swift; path = CreditCardScannerError.swift; sourceTree = "<group>"; };
		D6C7E9B0284B169900C2B13F /* CardScannerView.swift */ = {isa = PBXFileReference; lastKnownFileType = sourcecode.swift; name = CardScannerView.swift; path = CardScanner/CardScannerView.swift; sourceTree = "<group>"; };
		D6C7E9B2284B170800C2B13F /* CardScanner-Bridging-Header.h */ = {isa = PBXFileReference; fileEncoding = 4; lastKnownFileType = sourcecode.c.h; name = "CardScanner-Bridging-Header.h"; path = "CardScanner/CardScanner-Bridging-Header.h"; sourceTree = "<group>"; };
		D6C7E9B3284B17A000C2B13F /* CardScannerModule.swift */ = {isa = PBXFileReference; lastKnownFileType = sourcecode.swift; name = CardScannerModule.swift; path = CardScanner/CardScannerModule.swift; sourceTree = "<group>"; };
		D6C7E9B5284B18AD00C2B13F /* CardScannerViewManager.swift */ = {isa = PBXFileReference; lastKnownFileType = sourcecode.swift; name = CardScannerViewManager.swift; path = CardScanner/CardScannerViewManager.swift; sourceTree = "<group>"; };
		D6C7E9B7284B37EF00C2B13F /* CardScannerVisionManager.m */ = {isa = PBXFileReference; lastKnownFileType = sourcecode.c.objc; name = CardScannerVisionManager.m; path = CardScanner/CardScannerVisionManager.m; sourceTree = "<group>"; };
		D6C7E9B9284B380400C2B13F /* CardScannerVision.swift */ = {isa = PBXFileReference; lastKnownFileType = sourcecode.swift; name = CardScannerVision.swift; path = CardScanner/CardScannerVision.swift; sourceTree = "<group>"; };
		D6C7E9BD284B383400C2B13F /* CardScannerVisionManager.swift */ = {isa = PBXFileReference; lastKnownFileType = sourcecode.swift; name = CardScannerVisionManager.swift; path = CardScanner/CardScannerVisionManager.swift; sourceTree = "<group>"; };
		D6C7E9DB284B5EE600C2B13F /* CardScannerModule.m */ = {isa = PBXFileReference; fileEncoding = 4; lastKnownFileType = sourcecode.c.objc; name = CardScannerModule.m; path = CardScanner/CardScannerModule.m; sourceTree = "<group>"; };
		D6C7E9DC284B5EE600C2B13F /* CardScannerViewManager.m */ = {isa = PBXFileReference; fileEncoding = 4; lastKnownFileType = sourcecode.c.objc; name = CardScannerViewManager.m; path = CardScanner/CardScannerViewManager.m; sourceTree = "<group>"; };
		D6D768442847B22500BDE508 /* PayCardsRecognizer.xcframework */ = {isa = PBXFileReference; lastKnownFileType = wrapper.xcframework; name = PayCardsRecognizer.xcframework; path = CardScanner/PayCardsRecognizer.xcframework; sourceTree = "<group>"; };
/* End PBXFileReference section */

/* Begin PBXFrameworksBuildPhase section */
		58B511D81A9E6C8500147676 /* Frameworks */ = {
			isa = PBXFrameworksBuildPhase;
			buildActionMask = 2147483647;
			files = (
				D6D768452847B22500BDE508 /* PayCardsRecognizer.xcframework in Frameworks */,
			);
			runOnlyForDeploymentPostprocessing = 0;
		};
/* End PBXFrameworksBuildPhase section */

/* Begin PBXGroup section */
		134814211AA4EA7D00B7C361 /* Products */ = {
			isa = PBXGroup;
			children = (
				134814201AA4EA6300B7C361 /* libCardScanner.a */,
			);
			name = Products;
			sourceTree = "<group>";
		};
		58B511D21A9E6C8500147676 = {
			isa = PBXGroup;
			children = (
				D6D7683C2847AEC600BDE508 /* CardScanner */,
				134814211AA4EA7D00B7C361 /* Products */,
				D6D768432847B22500BDE508 /* Frameworks */,
			);
			sourceTree = "<group>";
		};
		D63FEAE3284CA9D4002D3FCB /* AppleVision */ = {
			isa = PBXGroup;
			children = (
				D63FEAE4284CA9D4002D3FCB /* Reg.swift */,
				D63FEAE5284CA9D4002D3FCB /* CreditCard.swift */,
				D63FEAE6284CA9D4002D3FCB /* ImageAnalyzer.swift */,
				D63FEAE7284CA9D4002D3FCB /* Resources */,
				D63FEAEB284CA9D4002D3FCB /* ImageRatio.swift */,
				D63FEAEC284CA9D4002D3FCB /* CameraView.swift */,
				D63FEAED284CA9D4002D3FCB /* CreditCardScannerError.swift */,
			);
			name = AppleVision;
			path = CardScanner/AppleVision;
			sourceTree = "<group>";
		};
		D63FEAE7284CA9D4002D3FCB /* Resources */ = {
			isa = PBXGroup;
			children = (
				D63FEAE8284CA9D4002D3FCB /* PortraitFrame.png */,
				D63FEAE9284CA9D4002D3FCB /* PortraitFrame@3x.png */,
				D63FEAEA284CA9D4002D3FCB /* PortraitFrame@2x.png */,
			);
			path = Resources;
			sourceTree = "<group>";
		};
		D6D7683C2847AEC600BDE508 /* CardScanner */ = {
			isa = PBXGroup;
			children = (
				D63FEAE3284CA9D4002D3FCB /* AppleVision */,
				D6C7E9B2284B170800C2B13F /* CardScanner-Bridging-Header.h */,
				D6C7E9B0284B169900C2B13F /* CardScannerView.swift */,
				D6C7E9DB284B5EE600C2B13F /* CardScannerModule.m */,
				D6C7E9DC284B5EE600C2B13F /* CardScannerViewManager.m */,
				D6C7E9B3284B17A000C2B13F /* CardScannerModule.swift */,
				D6C7E9B5284B18AD00C2B13F /* CardScannerViewManager.swift */,
				D6C7E9B7284B37EF00C2B13F /* CardScannerVisionManager.m */,
				D6C7E9B9284B380400C2B13F /* CardScannerVision.swift */,
				D6C7E9BD284B383400C2B13F /* CardScannerVisionManager.swift */,
				D63FEACB284CA1C6002D3FCB /* UIColorExtension.swift */,
			);
			name = CardScanner;
			sourceTree = "<group>";
		};
		D6D768432847B22500BDE508 /* Frameworks */ = {
			isa = PBXGroup;
			children = (
				D6D768442847B22500BDE508 /* PayCardsRecognizer.xcframework */,
			);
			name = Frameworks;
			sourceTree = "<group>";
		};
/* End PBXGroup section */

/* Begin PBXNativeTarget section */
		58B511DA1A9E6C8500147676 /* CardScanner */ = {
			isa = PBXNativeTarget;
			buildConfigurationList = 58B511EF1A9E6C8500147676 /* Build configuration list for PBXNativeTarget "CardScanner" */;
			buildPhases = (
				58B511D71A9E6C8500147676 /* Sources */,
				58B511D81A9E6C8500147676 /* Frameworks */,
				58B511D91A9E6C8500147676 /* CopyFiles */,
			);
			buildRules = (
			);
			dependencies = (
			);
			name = CardScanner;
			productName = RCTDataManager;
			productReference = 134814201AA4EA6300B7C361 /* libCardScanner.a */;
			productType = "com.apple.product-type.library.static";
		};
/* End PBXNativeTarget section */

/* Begin PBXProject section */
		58B511D31A9E6C8500147676 /* Project object */ = {
			isa = PBXProject;
			attributes = {
				LastUpgradeCheck = 0920;
				ORGANIZATIONNAME = Facebook;
				TargetAttributes = {
					58B511DA1A9E6C8500147676 = {
						CreatedOnToolsVersion = 6.1.1;
						LastSwiftMigration = 1330;
					};
				};
			};
			buildConfigurationList = 58B511D61A9E6C8500147676 /* Build configuration list for PBXProject "CardScanner" */;
			compatibilityVersion = "Xcode 3.2";
			developmentRegion = English;
			hasScannedForEncodings = 0;
			knownRegions = (
				English,
				en,
			);
			mainGroup = 58B511D21A9E6C8500147676;
			productRefGroup = 58B511D21A9E6C8500147676;
			projectDirPath = "";
			projectRoot = "";
			targets = (
				58B511DA1A9E6C8500147676 /* CardScanner */,
			);
		};
/* End PBXProject section */

/* Begin PBXSourcesBuildPhase section */
		58B511D71A9E6C8500147676 /* Sources */ = {
			isa = PBXSourcesBuildPhase;
			buildActionMask = 2147483647;
			files = (
				D6C7E9BE284B383400C2B13F /* CardScannerVisionManager.swift in Sources */,
				D63FEAF2284CA9D4002D3FCB /* CameraView.swift in Sources */,
				D6C7E9B8284B37EF00C2B13F /* CardScannerVisionManager.m in Sources */,
				D63FEACC284CA1C6002D3FCB /* UIColorExtension.swift in Sources */,
				D6C7E9B1284B169900C2B13F /* CardScannerView.swift in Sources */,
				D63FEAEE284CA9D4002D3FCB /* Reg.swift in Sources */,
				D63FEAEF284CA9D4002D3FCB /* CreditCard.swift in Sources */,
				D6C7E9B4284B17A000C2B13F /* CardScannerModule.swift in Sources */,
				D63FEAF0284CA9D4002D3FCB /* ImageAnalyzer.swift in Sources */,
				D63FEAF3284CA9D4002D3FCB /* CreditCardScannerError.swift in Sources */,
				D6C7E9BA284B380400C2B13F /* CardScannerVision.swift in Sources */,
				D6C7E9B6284B18AD00C2B13F /* CardScannerViewManager.swift in Sources */,
				D63FEAF1284CA9D4002D3FCB /* ImageRatio.swift in Sources */,
				D6C7E9DD284B5EE600C2B13F /* CardScannerModule.m in Sources */,
				D6C7E9DE284B5EE600C2B13F /* CardScannerViewManager.m in Sources */,
			);
			runOnlyForDeploymentPostprocessing = 0;
		};
/* End PBXSourcesBuildPhase section */

/* Begin XCBuildConfiguration section */
		58B511ED1A9E6C8500147676 /* Debug */ = {
			isa = XCBuildConfiguration;
			buildSettings = {
				ALWAYS_SEARCH_USER_PATHS = NO;
				CLANG_CXX_LANGUAGE_STANDARD = "gnu++0x";
				CLANG_CXX_LIBRARY = "libc++";
				CLANG_ENABLE_MODULES = YES;
				CLANG_ENABLE_OBJC_ARC = YES;
				CLANG_WARN_BLOCK_CAPTURE_AUTORELEASING = YES;
				CLANG_WARN_BOOL_CONVERSION = YES;
				CLANG_WARN_COMMA = YES;
				CLANG_WARN_CONSTANT_CONVERSION = YES;
				CLANG_WARN_DIRECT_OBJC_ISA_USAGE = YES_ERROR;
				CLANG_WARN_EMPTY_BODY = YES;
				CLANG_WARN_ENUM_CONVERSION = YES;
				CLANG_WARN_INFINITE_RECURSION = YES;
				CLANG_WARN_INT_CONVERSION = YES;
				CLANG_WARN_NON_LITERAL_NULL_CONVERSION = YES;
				CLANG_WARN_OBJC_LITERAL_CONVERSION = YES;
				CLANG_WARN_OBJC_ROOT_CLASS = YES_ERROR;
				CLANG_WARN_RANGE_LOOP_ANALYSIS = YES;
				CLANG_WARN_STRICT_PROTOTYPES = YES;
				CLANG_WARN_SUSPICIOUS_MOVE = YES;
				CLANG_WARN_UNREACHABLE_CODE = YES;
				CLANG_WARN__DUPLICATE_METHOD_MATCH = YES;
				COPY_PHASE_STRIP = NO;
				ENABLE_STRICT_OBJC_MSGSEND = YES;
				ENABLE_TESTABILITY = YES;
				GCC_C_LANGUAGE_STANDARD = gnu99;
				GCC_DYNAMIC_NO_PIC = NO;
				GCC_NO_COMMON_BLOCKS = YES;
				GCC_OPTIMIZATION_LEVEL = 0;
				GCC_PREPROCESSOR_DEFINITIONS = (
					"DEBUG=1",
					"$(inherited)",
				);
				GCC_SYMBOLS_PRIVATE_EXTERN = NO;
				GCC_WARN_64_TO_32_BIT_CONVERSION = YES;
				GCC_WARN_ABOUT_RETURN_TYPE = YES_ERROR;
				GCC_WARN_UNDECLARED_SELECTOR = YES;
				GCC_WARN_UNINITIALIZED_AUTOS = YES_AGGRESSIVE;
				GCC_WARN_UNUSED_FUNCTION = YES;
				GCC_WARN_UNUSED_VARIABLE = YES;
				IPHONEOS_DEPLOYMENT_TARGET = 8.0;
				MTL_ENABLE_DEBUG_INFO = YES;
				ONLY_ACTIVE_ARCH = YES;
				SDKROOT = iphoneos;
			};
			name = Debug;
		};
		58B511EE1A9E6C8500147676 /* Release */ = {
			isa = XCBuildConfiguration;
			buildSettings = {
				ALWAYS_SEARCH_USER_PATHS = NO;
				CLANG_CXX_LANGUAGE_STANDARD = "gnu++0x";
				CLANG_CXX_LIBRARY = "libc++";
				CLANG_ENABLE_MODULES = YES;
				CLANG_ENABLE_OBJC_ARC = YES;
				CLANG_WARN_BLOCK_CAPTURE_AUTORELEASING = YES;
				CLANG_WARN_BOOL_CONVERSION = YES;
				CLANG_WARN_COMMA = YES;
				CLANG_WARN_CONSTANT_CONVERSION = YES;
				CLANG_WARN_DIRECT_OBJC_ISA_USAGE = YES_ERROR;
				CLANG_WARN_EMPTY_BODY = YES;
				CLANG_WARN_ENUM_CONVERSION = YES;
				CLANG_WARN_INFINITE_RECURSION = YES;
				CLANG_WARN_INT_CONVERSION = YES;
				CLANG_WARN_NON_LITERAL_NULL_CONVERSION = YES;
				CLANG_WARN_OBJC_LITERAL_CONVERSION = YES;
				CLANG_WARN_OBJC_ROOT_CLASS = YES_ERROR;
				CLANG_WARN_RANGE_LOOP_ANALYSIS = YES;
				CLANG_WARN_STRICT_PROTOTYPES = YES;
				CLANG_WARN_SUSPICIOUS_MOVE = YES;
				CLANG_WARN_UNREACHABLE_CODE = YES;
				CLANG_WARN__DUPLICATE_METHOD_MATCH = YES;
				COPY_PHASE_STRIP = YES;
				ENABLE_NS_ASSERTIONS = NO;
				ENABLE_STRICT_OBJC_MSGSEND = YES;
				GCC_C_LANGUAGE_STANDARD = gnu99;
				GCC_NO_COMMON_BLOCKS = YES;
				GCC_WARN_64_TO_32_BIT_CONVERSION = YES;
				GCC_WARN_ABOUT_RETURN_TYPE = YES_ERROR;
				GCC_WARN_UNDECLARED_SELECTOR = YES;
				GCC_WARN_UNINITIALIZED_AUTOS = YES_AGGRESSIVE;
				GCC_WARN_UNUSED_FUNCTION = YES;
				GCC_WARN_UNUSED_VARIABLE = YES;
				IPHONEOS_DEPLOYMENT_TARGET = 8.0;
				MTL_ENABLE_DEBUG_INFO = NO;
				SDKROOT = iphoneos;
				VALIDATE_PRODUCT = YES;
			};
			name = Release;
		};
		58B511F01A9E6C8500147676 /* Debug */ = {
			isa = XCBuildConfiguration;
			buildSettings = {
				CLANG_ENABLE_MODULES = YES;
				HEADER_SEARCH_PATHS = (
					"$(inherited)",
					/Applications/Xcode.app/Contents/Developer/Toolchains/XcodeDefault.xctoolchain/usr/include,
					"$(SRCROOT)/../../../React/**",
					"$(SRCROOT)/../../react-native/React/**",
				);
				LD_RUNPATH_SEARCH_PATHS = (
					"$(inherited)",
					"@executable_path/Frameworks",
					"@loader_path/Frameworks",
				);
				LIBRARY_SEARCH_PATHS = "$(inherited)";
				OTHER_LDFLAGS = "-ObjC";
				PRODUCT_NAME = CardScanner;
				SKIP_INSTALL = YES;
				SWIFT_OBJC_BRIDGING_HEADER = "CardScanner-Bridging-Header.h";
				SWIFT_OPTIMIZATION_LEVEL = "-Onone";
				SWIFT_VERSION = 5.0;
			};
			name = Debug;
		};
		58B511F11A9E6C8500147676 /* Release */ = {
			isa = XCBuildConfiguration;
			buildSettings = {
				CLANG_ENABLE_MODULES = YES;
				HEADER_SEARCH_PATHS = (
					"$(inherited)",
					/Applications/Xcode.app/Contents/Developer/Toolchains/XcodeDefault.xctoolchain/usr/include,
					"$(SRCROOT)/../../../React/**",
					"$(SRCROOT)/../../react-native/React/**",
				);
				LD_RUNPATH_SEARCH_PATHS = (
					"$(inherited)",
					"@executable_path/Frameworks",
					"@loader_path/Frameworks",
				);
				LIBRARY_SEARCH_PATHS = "$(inherited)";
				OTHER_LDFLAGS = "-ObjC";
				PRODUCT_NAME = CardScanner;
				SKIP_INSTALL = YES;
				SWIFT_OBJC_BRIDGING_HEADER = "CardScanner-Bridging-Header.h";
				SWIFT_VERSION = 5.0;
			};
			name = Release;
		};
/* End XCBuildConfiguration section */

/* Begin XCConfigurationList section */
		58B511D61A9E6C8500147676 /* Build configuration list for PBXProject "CardScanner" */ = {
			isa = XCConfigurationList;
			buildConfigurations = (
				58B511ED1A9E6C8500147676 /* Debug */,
				58B511EE1A9E6C8500147676 /* Release */,
			);
			defaultConfigurationIsVisible = 0;
			defaultConfigurationName = Release;
		};
		58B511EF1A9E6C8500147676 /* Build configuration list for PBXNativeTarget "CardScanner" */ = {
			isa = XCConfigurationList;
			buildConfigurations = (
				58B511F01A9E6C8500147676 /* Debug */,
				58B511F11A9E6C8500147676 /* Release */,
			);
			defaultConfigurationIsVisible = 0;
			defaultConfigurationName = Release;
		};
/* End XCConfigurationList section */
	};
	rootObject = 58B511D31A9E6C8500147676 /* Project object */;
}
